<?xml version="1.0" encoding="utf-8"?>
<Project ToolsVersion="4.0" xmlns:atg="http://atg.xbox.com" xmlns="http://schemas.microsoft.com/developer/msbuild/2003">
  <ItemGroup>
    <Filter Include="Resource Files">
      <UniqueIdentifier>{8e114980-c1a3-4ada-ad7c-83caadf5daeb}</UniqueIdentifier>
      <Extensions>rc;ico;cur;bmp;dlg;rc2;rct;bin;rgs;gif;jpg;jpeg;jpe</Extensions>
    </Filter>
    <Filter Include="DXUT">
      <UniqueIdentifier>{a43c5c25-0e86-4a20-b64a-883785ff74fd}</UniqueIdentifier>
    </Filter>
    <Filter Include="Shaders">
      <UniqueIdentifier>{2c3d4c8c-5d1a-459a-a05a-a4e4b608a44e}</UniqueIdentifier>
      <Extensions>fx;fxh;hlsl</Extensions>
    </Filter>
    <Filter Include="include">
      <UniqueIdentifier>{3d7525f2-a228-45f0-9571-6bd5e2f51e60}</UniqueIdentifier>
    </Filter>
    <Filter Include="source">
      <UniqueIdentifier>{9ed35299-ad08-4415-b63e-d634559ae380}</UniqueIdentifier>
    </Filter>
    <Filter Include="imgui">
      <UniqueIdentifier>{2665abf9-14c8-4a7e-91b0-ae5d16c31de6}</UniqueIdentifier>
    </Filter>
    <Filter Include="imgui\include">
      <UniqueIdentifier>{a6923098-17b1-4fae-a3d6-b8e2ef93d109}</UniqueIdentifier>
    </Filter>
    <Filter Include="imgui\source">
      <UniqueIdentifier>{5ea84d84-7593-4acd-aa8f-7a247f369767}</UniqueIdentifier>
    </Filter>
    <Filter Include="include\EngineUtilities">
      <UniqueIdentifier>{999542aa-ed96-45f0-8862-fe115133eda9}</UniqueIdentifier>
    </Filter>
    <Filter Include="include\EngineUtilities\Memory">
      <UniqueIdentifier>{a4697588-4159-4df3-bcc0-0a7ebfac2eb1}</UniqueIdentifier>
    </Filter>
    <Filter Include="include\EngineUtilities\Matrix">
      <UniqueIdentifier>{f4e9105a-5b35-4d3b-abb5-46e726fd8c89}</UniqueIdentifier>
    </Filter>
    <Filter Include="include\EngineUtilities\Structures">
      <UniqueIdentifier>{1a1842bd-8536-4ce6-beb7-a51f1dafda16}</UniqueIdentifier>
    </Filter>
    <Filter Include="include\EngineUtilities\Utilities">
      <UniqueIdentifier>{2495b95c-790e-4e81-9672-9cfb9bc24dac}</UniqueIdentifier>
    </Filter>
    <Filter Include="include\EngineUtilities\Vectors">
      <UniqueIdentifier>{06a4945b-931d-424c-8fd9-e363d9852f65}</UniqueIdentifier>
    </Filter>
    <Filter Include="include\ECS">
      <UniqueIdentifier>{78021625-e054-4592-8c53-abc3c7ea1353}</UniqueIdentifier>
    </Filter>
  </ItemGroup>
  <ItemGroup>
    <ClInclude Include="include\Prerequisites.h">
      <Filter>include</Filter>
    </ClInclude>
    <ClInclude Include="include\Window.h">
      <Filter>include</Filter>
    </ClInclude>
    <ClInclude Include="include\BaseApp.h">
      <Filter>include</Filter>
    </ClInclude>
    <ClInclude Include="include\Device.h">
      <Filter>include</Filter>
    </ClInclude>
    <ClInclude Include="include\SwapChain.h">
      <Filter>include</Filter>
    </ClInclude>
    <ClInclude Include="include\DeviceContext.h">
      <Filter>include</Filter>
    </ClInclude>
    <ClInclude Include="include\Texture.h">
      <Filter>include</Filter>
    </ClInclude>
    <ClInclude Include="include\RenderTargetView.h">
      <Filter>include</Filter>
    </ClInclude>
    <ClInclude Include="include\DepthStencilView.h">
      <Filter>include</Filter>
    </ClInclude>
    <ClInclude Include="include\Viewport.h">
      <Filter>include</Filter>
    </ClInclude>
    <ClInclude Include="include\ShaderProgram.h">
      <Filter>include</Filter>
    </ClInclude>
    <ClInclude Include="include\InputLayout.h">
      <Filter>include</Filter>
    </ClInclude>
    <ClInclude Include="include\Buffer.h">
      <Filter>include</Filter>
    </ClInclude>
    <ClInclude Include="include\MeshComponent.h">
      <Filter>include</Filter>
    </ClInclude>
    <ClInclude Include="include\BlendState.h">
      <Filter>include</Filter>
    </ClInclude>
    <ClInclude Include="include\DepthStencilState.h">
      <Filter>include</Filter>
    </ClInclude>
    <ClInclude Include="include\ModelLoader.h">
      <Filter>include</Filter>
    </ClInclude>
    <ClInclude Include="include\Screenshot.h">
      <Filter>include</Filter>
    </ClInclude>
    <ClInclude Include="include\UserInterface.h">
      <Filter>include</Filter>
    </ClInclude>
    <ClInclude Include="Imgui\imgui-docking-znly-docking\imconfig.h">
      <Filter>imgui\include</Filter>
    </ClInclude>
    <ClInclude Include="Imgui\imgui-docking-znly-docking\imgui.h">
      <Filter>imgui\include</Filter>
    </ClInclude>
    <ClInclude Include="Imgui\imgui-docking-znly-docking\imgui_internal.h">
      <Filter>imgui\include</Filter>
    </ClInclude>
    <ClInclude Include="Imgui\imgui-docking-znly-docking\imstb_rectpack.h">
      <Filter>imgui\include</Filter>
    </ClInclude>
    <ClInclude Include="Imgui\imgui-docking-znly-docking\imstb_textedit.h">
      <Filter>imgui\include</Filter>
    </ClInclude>
    <ClInclude Include="Imgui\imgui-docking-znly-docking\imstb_truetype.h">
      <Filter>imgui\include</Filter>
    </ClInclude>
    <ClInclude Include="Imgui\imgui-docking-znly-docking\backends\imgui_impl_dx11.h">
      <Filter>imgui\source</Filter>
    </ClInclude>
    <ClInclude Include="Imgui\imgui-docking-znly-docking\backends\imgui_impl_win32.h">
      <Filter>imgui\source</Filter>
    </ClInclude>
    <ClInclude Include="include\OBJ_Loader.h">
      <Filter>include</Filter>
    </ClInclude>
    <ClInclude Include="include\stb_image.h">
      <Filter>include</Filter>
    </ClInclude>
    <ClInclude Include="include\EngineUtilities\Memory\TSharedPointer.h">
      <Filter>include\EngineUtilities\Memory</Filter>
    </ClInclude>
    <ClInclude Include="include\EngineUtilities\Memory\TStaticPtr.h">
      <Filter>include\EngineUtilities\Memory</Filter>
    </ClInclude>
    <ClInclude Include="include\EngineUtilities\Memory\TUniquePtr.h">
      <Filter>include\EngineUtilities\Memory</Filter>
    </ClInclude>
    <ClInclude Include="include\EngineUtilities\Memory\TWeakPointer.h">
      <Filter>include\EngineUtilities\Memory</Filter>
    </ClInclude>
    <ClInclude Include="include\EngineUtilities\Matrix\Matrix2x2.h">
      <Filter>include\EngineUtilities\Matrix</Filter>
    </ClInclude>
    <ClInclude Include="include\EngineUtilities\Matrix\Matrix3x3.h">
      <Filter>include\EngineUtilities\Matrix</Filter>
    </ClInclude>
    <ClInclude Include="include\EngineUtilities\Matrix\Matrix4x4.h">
      <Filter>include\EngineUtilities\Matrix</Filter>
    </ClInclude>
    <ClInclude Include="include\EngineUtilities\Structures\TArray.h">
      <Filter>include\EngineUtilities\Structures</Filter>
    </ClInclude>
    <ClInclude Include="include\EngineUtilities\Structures\TMap.h">
      <Filter>include\EngineUtilities\Structures</Filter>
    </ClInclude>
    <ClInclude Include="include\EngineUtilities\Structures\TPair.h">
      <Filter>include\EngineUtilities\Structures</Filter>
    </ClInclude>
    <ClInclude Include="include\EngineUtilities\Structures\TSet.h">
      <Filter>include\EngineUtilities\Structures</Filter>
    </ClInclude>
    <ClInclude Include="include\EngineUtilities\Utilities\EngineMath.h">
      <Filter>include\EngineUtilities\Utilities</Filter>
    </ClInclude>
    <ClInclude Include="include\EngineUtilities\Vectors\Quaternion.h">
      <Filter>include\EngineUtilities\Vectors</Filter>
    </ClInclude>
    <ClInclude Include="include\EngineUtilities\Vectors\Vector2.h">
      <Filter>include\EngineUtilities\Vectors</Filter>
    </ClInclude>
    <ClInclude Include="include\EngineUtilities\Vectors\Vector3.h">
      <Filter>include\EngineUtilities\Vectors</Filter>
    </ClInclude>
    <ClInclude Include="include\EngineUtilities\Vectors\Vector4.h">
      <Filter>include\EngineUtilities\Vectors</Filter>
    </ClInclude>
  </ItemGroup>
  <ItemGroup>
    <ClCompile Include="HybridEngine.cpp" />
    <ClCompile Include="src\Window.cpp">
      <Filter>source</Filter>
    </ClCompile>
    <ClCompile Include="src\BaseApp.cpp">
      <Filter>source</Filter>
    </ClCompile>
    <ClCompile Include="src\Device.cpp">
      <Filter>source</Filter>
    </ClCompile>
    <ClCompile Include="src\SwapChain.cpp">
      <Filter>source</Filter>
    </ClCompile>
    <ClCompile Include="src\RenderTargetView.cpp">
      <Filter>source</Filter>
    </ClCompile>
    <ClCompile Include="src\DepthStencilView.cpp">
      <Filter>source</Filter>
    </ClCompile>
    <ClCompile Include="src\Texture.cpp">
      <Filter>source</Filter>
    </ClCompile>
    <ClCompile Include="src\Viewport.cpp">
      <Filter>source</Filter>
    </ClCompile>
    <ClCompile Include="src\DeviceContext.cpp">
      <Filter>source</Filter>
    </ClCompile>
    <ClCompile Include="src\InputLayout.cpp">
      <Filter>source</Filter>
    </ClCompile>
    <ClCompile Include="src\ShaderProgram.cpp">
      <Filter>source</Filter>
    </ClCompile>
    <ClCompile Include="src\Buffer.cpp">
      <Filter>source</Filter>
    </ClCompile>
    <ClCompile Include="src\BlendState.cpp">
      <Filter>source</Filter>
    </ClCompile>
    <ClCompile Include="src\DepthStencilState.cpp">
      <Filter>source</Filter>
    </ClCompile>
    <ClCompile Include="src\ModelLoader.cpp">
      <Filter>source</Filter>
    </ClCompile>
    <ClCompile Include="Imgui\imgui-docking-znly-docking\imgui.cpp">
      <Filter>imgui\source</Filter>
    </ClCompile>
    <ClCompile Include="Imgui\imgui-docking-znly-docking\imgui_demo.cpp">
      <Filter>imgui\source</Filter>
    </ClCompile>
    <ClCompile Include="Imgui\imgui-docking-znly-docking\imgui_draw.cpp">
      <Filter>imgui\source</Filter>
    </ClCompile>
    <ClCompile Include="Imgui\imgui-docking-znly-docking\imgui_tables.cpp">
      <Filter>imgui\source</Filter>
    </ClCompile>
    <ClCompile Include="Imgui\imgui-docking-znly-docking\imgui_widgets.cpp">
      <Filter>imgui\source</Filter>
    </ClCompile>
    <ClCompile Include="Imgui\imgui-docking-znly-docking\backends\imgui_impl_dx11.cpp">
      <Filter>imgui\source</Filter>
    </ClCompile>
    <ClCompile Include="Imgui\imgui-docking-znly-docking\backends\imgui_impl_win32.cpp">
      <Filter>imgui\source</Filter>
    </ClCompile>
    <ClCompile Include="src\Screenshot.cpp">
      <Filter>source</Filter>
    </ClCompile>
    <ClCompile Include="src\UserInterface.cpp">
      <Filter>source</Filter>
    </ClCompile>
  </ItemGroup>
  <ItemGroup>
    <None Include="HybridEngine.fx">
      <Filter>Shaders</Filter>
    </None>
  </ItemGroup>
  <ItemGroup>
    <CLInclude Include="resource.h">
      <Filter>Resource Files</Filter>
    </CLInclude>
    <ResourceCompile Include="HybridEngine.rc">
      <Filter>Resource Files</Filter>
    </ResourceCompile>
  </ItemGroup>
  <ItemGroup>
  </ItemGroup>
</Project>